github.com/zhangdapeng520/zdpgo_file v1.0.3 h1:i4gPenWPVnqRAQP/w1KT9hfnD1//8E0dy5vU8lrTdZE=
github.com/zhangdapeng520/zdpgo_file v1.0.3/go.mod h1:0BmzUnjfq8hpdH9IsiXQvoygwDaV6/UoTxipgvwAa9g=
github.com/zhangdapeng520/zdpgo_json v0.1.2 h1:E5Zf0VpTFZP5VrVGQqp7nvYsOQhDhIg2vQEkjldwlJc=
github.com/zhangdapeng520/zdpgo_json v0.1.2/go.mod h1:ArbXlMRMsWO+3bIobPaYK/P86yYrefnQLro0/QgHWS4=
github.com/zhangdapeng520/zdpgo_log v1.3.3/go.mod h1:Qnr8tZCpmDWqRfJpw0r5ClUNqdOJwLNXIyXA2IGXv6k=
github.com/zhangdapeng520/zdpgo_log v1.3.4 h1:hHB+ELh0zaBe5NLyASTDZ1qFnpkiFcOM582Phen1B7w=
github.com/zhangdapeng520/zdpgo_log v1.3.4/go.mod h1:Qnr8tZCpmDWqRfJpw0r5ClUNqdOJwLNXIyXA2IGXv6k=
github.com/zhangdapeng520/zdpgo_password v1.2.5 h1:4LY//evYBGOcrBQ+KUJCJTOYd6WKG/aBtBFZwAG/Rxs=
github.com/zhangdapeng520/zdpgo_password v1.2.5/go.mod h1:WDB63eYpqFkh83dHUK5uOEkc6GvZWxvXo0UASHuhYnY=
github.com/zhangdapeng520/zdpgo_random v1.1.5 h1:o5CKy54t6oAlt612p6QK+R8oeIOwacDnAa+5BmT0CUQ=
github.com/zhangdapeng520/zdpgo_random v1.1.5/go.mod h1:tSy7XqzYOw0h3O/FRLmfYUft/CMYd8JUpRH4yh/5Glw=
golang.org/x/crypto v0.0.0-20220321153916-2c7772ba3064/go.mod h1:IxCIyHEi3zRg3s0A5j5BB6A9Jmi73HwBIUl50j+osU4=
golang.org/x/net v0.0.0-20211112202133-69e39bad7dc2/go.mod h1:9nx3DQGgdP8bBQD5qxJ1jj9UTztislL4KSBs9R2vV5Y=
golang.org/x/sys v0.0.0-20201119102817-f84b799fce68/go.mod h1:h1NjWce9XRLGQEsW7wpKNCjG9DtNlClVuFLEZdDNbEs=
golang.org/x/sys v0.0.0-20210423082822-04245dca01da/go.mod h1:h1NjWce9XRLGQEsW7wpKNCjG9DtNlClVuFLEZdDNbEs=
golang.org/x/sys v0.0.0-20210615035016-665e8c7367d1/go.mod h1:oPkhp1MJrh7nUepCBck5+mAzfO9JrbApNNgaTdGDITg=
golang.org/x/term v0.0.0-20201126162022-7de9c90e9dd1/go.mod h1:bj7SfCRtBDWHUb9snDiAeCFNEtKQo2Wmx5Cou7ajbmo=
golang.org/x/text v0.3.6/go.mod h1:5Zoc/QRtKVWzQhOtBMvqHzDpF6irO9z98xDceosuGiQ=
golang.org/x/tools v0.0.0-20180917221912-90fa682c2a6e/go.mod h1:n7NCudcB/nEzxVGmLbDWY5pfWTLqBcC2KZ6jyYvM4mQ=
